
Microsoft Visual Studio Solution File, Format Version 12.00
# Visual Studio 14
VisualStudioVersion = 14.0.25420.1
MinimumVisualStudioVersion = 10.0.40219.1
Project("{FAE04EC0-301F-11D3-BF4B-00C04F79EFBC}") = "App3.Android", "App3\App3.Android\App3.Android.csproj", "{DB169F9A-77AE-47DE-8686-E64CFCD6F823}"
EndProject
Project("{FAE04EC0-301F-11D3-BF4B-00C04F79EFBC}") = "App3", "App3\App3\App3.csproj", "{703BCAF2-3765-40CC-8EE3-7B331E3CC059}"
EndProject
Project("{FAE04EC0-301F-11D3-BF4B-00C04F79EFBC}") = "App3.UWP", "App3\App3.UWP\App3.UWP.csproj", "{E5D0EC88-76F9-495D-9E82-4D68F014F9DA}"
EndProject
Project("{FAE04EC0-301F-11D3-BF4B-00C04F79EFBC}") = "App3.iOS", "App3\App3.iOS\App3.iOS.csproj", "{ACB0669C-FD61-4399-AB8E-965C6E757693}"
EndProject
Global
	GlobalSection(SolutionConfigurationPlatforms) = preSolution
		Ad-Hoc|Any CPU = Ad-Hoc|Any CPU
		Ad-Hoc|ARM = Ad-Hoc|ARM
		Ad-Hoc|iPhone = Ad-Hoc|iPhone
		Ad-Hoc|iPhoneSimulator = Ad-Hoc|iPhoneSimulator
		Ad-Hoc|x64 = Ad-Hoc|x64
		Ad-Hoc|x86 = Ad-Hoc|x86
		AppStore|Any CPU = AppStore|Any CPU
		AppStore|ARM = AppStore|ARM
		AppStore|iPhone = AppStore|iPhone
		AppStore|iPhoneSimulator = AppStore|iPhoneSimulator
		AppStore|x64 = AppStore|x64
		AppStore|x86 = AppStore|x86
		Debug|Any CPU = Debug|Any CPU
		Debug|ARM = Debug|ARM
		Debug|iPhone = Debug|iPhone
		Debug|iPhoneSimulator = Debug|iPhoneSimulator
		Debug|x64 = Debug|x64
		Debug|x86 = Debug|x86
		Release|Any CPU = Release|Any CPU
		Release|ARM = Release|ARM
		Release|iPhone = Release|iPhone
		Release|iPhoneSimulator = Release|iPhoneSimulator
		Release|x64 = Release|x64
		Release|x86 = Release|x86
	EndGlobalSection
	GlobalSection(ProjectConfigurationPlatforms) = postSolution
		{DB169F9A-77AE-47DE-8686-E64CFCD6F823}.Ad-Hoc|Any CPU.ActiveCfg = Release|Any CPU
		{DB169F9A-77AE-47DE-8686-E64CFCD6F823}.Ad-Hoc|Any CPU.Build.0 = Release|Any CPU
		{DB169F9A-77AE-47DE-8686-E64CFCD6F823}.Ad-Hoc|Any CPU.Deploy.0 = Release|Any CPU
		{DB169F9A-77AE-47DE-8686-E64CFCD6F823}.Ad-Hoc|ARM.ActiveCfg = Release|Any CPU
		{DB169F9A-77AE-47DE-8686-E64CFCD6F823}.Ad-Hoc|ARM.Build.0 = Release|Any CPU
		{DB169F9A-77AE-47DE-8686-E64CFCD6F823}.Ad-Hoc|ARM.Deploy.0 = Release|Any CPU
		{DB169F9A-77AE-47DE-8686-E64CFCD6F823}.Ad-Hoc|iPhone.ActiveCfg = Release|Any CPU
		{DB169F9A-77AE-47DE-8686-E64CFCD6F823}.Ad-Hoc|iPhone.Build.0 = Release|Any CPU
		{DB169F9A-77AE-47DE-8686-E64CFCD6F823}.Ad-Hoc|iPhone.Deploy.0 = Release|Any CPU
		{DB169F9A-77AE-47DE-8686-E64CFCD6F823}.Ad-Hoc|iPhoneSimulator.ActiveCfg = Release|Any CPU
		{DB169F9A-77AE-47DE-8686-E64CFCD6F823}.Ad-Hoc|iPhoneSimulator.Build.0 = Release|Any CPU
		{DB169F9A-77AE-47DE-8686-E64CFCD6F823}.Ad-Hoc|iPhoneSimulator.Deploy.0 = Release|Any CPU
		{DB169F9A-77AE-47DE-8686-E64CFCD6F823}.Ad-Hoc|x64.ActiveCfg = Release|Any CPU
		{DB169F9A-77AE-47DE-8686-E64CFCD6F823}.Ad-Hoc|x64.Build.0 = Release|Any CPU
		{DB169F9A-77AE-47DE-8686-E64CFCD6F823}.Ad-Hoc|x64.Deploy.0 = Release|Any CPU
		{DB169F9A-77AE-47DE-8686-E64CFCD6F823}.Ad-Hoc|x86.ActiveCfg = Release|Any CPU
		{DB169F9A-77AE-47DE-8686-E64CFCD6F823}.Ad-Hoc|x86.Build.0 = Release|Any CPU
		{DB169F9A-77AE-47DE-8686-E64CFCD6F823}.Ad-Hoc|x86.Deploy.0 = Release|Any CPU
		{DB169F9A-77AE-47DE-8686-E64CFCD6F823}.AppStore|Any CPU.ActiveCfg = Release|Any CPU
		{DB169F9A-77AE-47DE-8686-E64CFCD6F823}.AppStore|Any CPU.Build.0 = Release|Any CPU
		{DB169F9A-77AE-47DE-8686-E64CFCD6F823}.AppStore|Any CPU.Deploy.0 = Release|Any CPU
		{DB169F9A-77AE-47DE-8686-E64CFCD6F823}.AppStore|ARM.ActiveCfg = Release|Any CPU
		{DB169F9A-77AE-47DE-8686-E64CFCD6F823}.AppStore|ARM.Build.0 = Release|Any CPU
		{DB169F9A-77AE-47DE-8686-E64CFCD6F823}.AppStore|ARM.Deploy.0 = Release|Any CPU
		{DB169F9A-77AE-47DE-8686-E64CFCD6F823}.AppStore|iPhone.ActiveCfg = Release|Any CPU
		{DB169F9A-77AE-47DE-8686-E64CFCD6F823}.AppStore|iPhone.Build.0 = Release|Any CPU
		{DB169F9A-77AE-47DE-8686-E64CFCD6F823}.AppStore|iPhone.Deploy.0 = Release|Any CPU
		{DB169F9A-77AE-47DE-8686-E64CFCD6F823}.AppStore|iPhoneSimulator.ActiveCfg = Release|Any CPU
		{DB169F9A-77AE-47DE-8686-E64CFCD6F823}.AppStore|iPhoneSimulator.Build.0 = Release|Any CPU
		{DB169F9A-77AE-47DE-8686-E64CFCD6F823}.AppStore|iPhoneSimulator.Deploy.0 = Release|Any CPU
		{DB169F9A-77AE-47DE-8686-E64CFCD6F823}.AppStore|x64.ActiveCfg = Release|Any CPU
		{DB169F9A-77AE-47DE-8686-E64CFCD6F823}.AppStore|x64.Build.0 = Release|Any CPU
		{DB169F9A-77AE-47DE-8686-E64CFCD6F823}.AppStore|x64.Deploy.0 = Release|Any CPU
		{DB169F9A-77AE-47DE-8686-E64CFCD6F823}.AppStore|x86.ActiveCfg = Release|Any CPU
		{DB169F9A-77AE-47DE-8686-E64CFCD6F823}.AppStore|x86.Build.0 = Release|Any CPU
		{DB169F9A-77AE-47DE-8686-E64CFCD6F823}.AppStore|x86.Deploy.0 = Release|Any CPU
		{DB169F9A-77AE-47DE-8686-E64CFCD6F823}.Debug|Any CPU.ActiveCfg = Debug|Any CPU
		{DB169F9A-77AE-47DE-8686-E64CFCD6F823}.Debug|Any CPU.Build.0 = Debug|Any CPU
		{DB169F9A-77AE-47DE-8686-E64CFCD6F823}.Debug|Any CPU.Deploy.0 = Debug|Any CPU
		{DB169F9A-77AE-47DE-8686-E64CFCD6F823}.Debug|ARM.ActiveCfg = Debug|Any CPU
		{DB169F9A-77AE-47DE-8686-E64CFCD6F823}.Debug|ARM.Build.0 = Debug|Any CPU
		{DB169F9A-77AE-47DE-8686-E64CFCD6F823}.Debug|ARM.Deploy.0 = Debug|Any CPU
		{DB169F9A-77AE-47DE-8686-E64CFCD6F823}.Debug|iPhone.ActiveCfg = Debug|Any CPU
		{DB169F9A-77AE-47DE-8686-E64CFCD6F823}.Debug|iPhone.Build.0 = Debug|Any CPU
		{DB169F9A-77AE-47DE-8686-E64CFCD6F823}.Debug|iPhone.Deploy.0 = Debug|Any CPU
		{DB169F9A-77AE-47DE-8686-E64CFCD6F823}.Debug|iPhoneSimulator.ActiveCfg = Debug|Any CPU
		{DB169F9A-77AE-47DE-8686-E64CFCD6F823}.Debug|iPhoneSimulator.Build.0 = Debug|Any CPU
		{DB169F9A-77AE-47DE-8686-E64CFCD6F823}.Debug|iPhoneSimulator.Deploy.0 = Debug|Any CPU
		{DB169F9A-77AE-47DE-8686-E64CFCD6F823}.Debug|x64.ActiveCfg = Debug|Any CPU
		{DB169F9A-77AE-47DE-8686-E64CFCD6F823}.Debug|x64.Build.0 = Debug|Any CPU
		{DB169F9A-77AE-47DE-8686-E64CFCD6F823}.Debug|x64.Deploy.0 = Debug|Any CPU
		{DB169F9A-77AE-47DE-8686-E64CFCD6F823}.Debug|x86.ActiveCfg = Debug|Any CPU
		{DB169F9A-77AE-47DE-8686-E64CFCD6F823}.Debug|x86.Build.0 = Debug|Any CPU
		{DB169F9A-77AE-47DE-8686-E64CFCD6F823}.Debug|x86.Deploy.0 = Debug|Any CPU
		{DB169F9A-77AE-47DE-8686-E64CFCD6F823}.Release|Any CPU.ActiveCfg = Release|Any CPU
		{DB169F9A-77AE-47DE-8686-E64CFCD6F823}.Release|Any CPU.Build.0 = Release|Any CPU
		{DB169F9A-77AE-47DE-8686-E64CFCD6F823}.Release|Any CPU.Deploy.0 = Release|Any CPU
		{DB169F9A-77AE-47DE-8686-E64CFCD6F823}.Release|ARM.ActiveCfg = Release|Any CPU
		{DB169F9A-77AE-47DE-8686-E64CFCD6F823}.Release|ARM.Build.0 = Release|Any CPU
		{DB169F9A-77AE-47DE-8686-E64CFCD6F823}.Release|ARM.Deploy.0 = Release|Any CPU
		{DB169F9A-77AE-47DE-8686-E64CFCD6F823}.Release|iPhone.ActiveCfg = Release|Any CPU
		{DB169F9A-77AE-47DE-8686-E64CFCD6F823}.Release|iPhone.Build.0 = Release|Any CPU
		{DB169F9A-77AE-47DE-8686-E64CFCD6F823}.Release|iPhone.Deploy.0 = Release|Any CPU
		{DB169F9A-77AE-47DE-8686-E64CFCD6F823}.Release|iPhoneSimulator.ActiveCfg = Release|Any CPU
		{DB169F9A-77AE-47DE-8686-E64CFCD6F823}.Release|iPhoneSimulator.Build.0 = Release|Any CPU
		{DB169F9A-77AE-47DE-8686-E64CFCD6F823}.Release|iPhoneSimulator.Deploy.0 = Release|Any CPU
		{DB169F9A-77AE-47DE-8686-E64CFCD6F823}.Release|x64.ActiveCfg = Release|Any CPU
		{DB169F9A-77AE-47DE-8686-E64CFCD6F823}.Release|x64.Build.0 = Release|Any CPU
		{DB169F9A-77AE-47DE-8686-E64CFCD6F823}.Release|x64.Deploy.0 = Release|Any CPU
		{DB169F9A-77AE-47DE-8686-E64CFCD6F823}.Release|x86.ActiveCfg = Release|Any CPU
		{DB169F9A-77AE-47DE-8686-E64CFCD6F823}.Release|x86.Build.0 = Release|Any CPU
		{DB169F9A-77AE-47DE-8686-E64CFCD6F823}.Release|x86.Deploy.0 = Release|Any CPU
		{703BCAF2-3765-40CC-8EE3-7B331E3CC059}.Ad-Hoc|Any CPU.ActiveCfg = Release|Any CPU
		{703BCAF2-3765-40CC-8EE3-7B331E3CC059}.Ad-Hoc|Any CPU.Build.0 = Release|Any CPU
		{703BCAF2-3765-40CC-8EE3-7B331E3CC059}.Ad-Hoc|ARM.ActiveCfg = Release|Any CPU
		{703BCAF2-3765-40CC-8EE3-7B331E3CC059}.Ad-Hoc|ARM.Build.0 = Release|Any CPU
		{703BCAF2-3765-40CC-8EE3-7B331E3CC059}.Ad-Hoc|iPhone.ActiveCfg = Release|Any CPU
		{703BCAF2-3765-40CC-8EE3-7B331E3CC059}.Ad-Hoc|iPhone.Build.0 = Release|Any CPU
		{703BCAF2-3765-40CC-8EE3-7B331E3CC059}.Ad-Hoc|iPhoneSimulator.ActiveCfg = Release|Any CPU
		{703BCAF2-3765-40CC-8EE3-7B331E3CC059}.Ad-Hoc|iPhoneSimulator.Build.0 = Release|Any CPU
		{703BCAF2-3765-40CC-8EE3-7B331E3CC059}.Ad-Hoc|x64.ActiveCfg = Release|Any CPU
		{703BCAF2-3765-40CC-8EE3-7B331E3CC059}.Ad-Hoc|x64.Build.0 = Release|Any CPU
		{703BCAF2-3765-40CC-8EE3-7B331E3CC059}.Ad-Hoc|x86.ActiveCfg = Release|Any CPU
		{703BCAF2-3765-40CC-8EE3-7B331E3CC059}.Ad-Hoc|x86.Build.0 = Release|Any CPU
		{703BCAF2-3765-40CC-8EE3-7B331E3CC059}.AppStore|Any CPU.ActiveCfg = Release|Any CPU
		{703BCAF2-3765-40CC-8EE3-7B331E3CC059}.AppStore|Any CPU.Build.0 = Release|Any CPU
		{703BCAF2-3765-40CC-8EE3-7B331E3CC059}.AppStore|ARM.ActiveCfg = Release|Any CPU
		{703BCAF2-3765-40CC-8EE3-7B331E3CC059}.AppStore|ARM.Build.0 = Release|Any CPU
		{703BCAF2-3765-40CC-8EE3-7B331E3CC059}.AppStore|iPhone.ActiveCfg = Release|Any CPU
		{703BCAF2-3765-40CC-8EE3-7B331E3CC059}.AppStore|iPhone.Build.0 = Release|Any CPU
		{703BCAF2-3765-40CC-8EE3-7B331E3CC059}.AppStore|iPhoneSimulator.ActiveCfg = Release|Any CPU
		{703BCAF2-3765-40CC-8EE3-7B331E3CC059}.AppStore|iPhoneSimulator.Build.0 = Release|Any CPU
		{703BCAF2-3765-40CC-8EE3-7B331E3CC059}.AppStore|x64.ActiveCfg = Release|Any CPU
		{703BCAF2-3765-40CC-8EE3-7B331E3CC059}.AppStore|x64.Build.0 = Release|Any CPU
		{703BCAF2-3765-40CC-8EE3-7B331E3CC059}.AppStore|x86.ActiveCfg = Release|Any CPU
		{703BCAF2-3765-40CC-8EE3-7B331E3CC059}.AppStore|x86.Build.0 = Release|Any CPU
		{703BCAF2-3765-40CC-8EE3-7B331E3CC059}.Debug|Any CPU.ActiveCfg = Debug|Any CPU
		{703BCAF2-3765-40CC-8EE3-7B331E3CC059}.Debug|Any CPU.Build.0 = Debug|Any CPU
		{703BCAF2-3765-40CC-8EE3-7B331E3CC059}.Debug|ARM.ActiveCfg = Debug|Any CPU
		{703BCAF2-3765-40CC-8EE3-7B331E3CC059}.Debug|ARM.Build.0 = Debug|Any CPU
		{703BCAF2-3765-40CC-8EE3-7B331E3CC059}.Debug|iPhone.ActiveCfg = Debug|Any CPU
		{703BCAF2-3765-40CC-8EE3-7B331E3CC059}.Debug|iPhone.Build.0 = Debug|Any CPU
		{703BCAF2-3765-40CC-8EE3-7B331E3CC059}.Debug|iPhoneSimulator.ActiveCfg = Debug|Any CPU
		{703BCAF2-3765-40CC-8EE3-7B331E3CC059}.Debug|iPhoneSimulator.Build.0 = Debug|Any CPU
		{703BCAF2-3765-40CC-8EE3-7B331E3CC059}.Debug|x64.ActiveCfg = Debug|Any CPU
		{703BCAF2-3765-40CC-8EE3-7B331E3CC059}.Debug|x64.Build.0 = Debug|Any CPU
		{703BCAF2-3765-40CC-8EE3-7B331E3CC059}.Debug|x86.ActiveCfg = Debug|Any CPU
		{703BCAF2-3765-40CC-8EE3-7B331E3CC059}.Debug|x86.Build.0 = Debug|Any CPU
		{703BCAF2-3765-40CC-8EE3-7B331E3CC059}.Release|Any CPU.ActiveCfg = Release|Any CPU
		{703BCAF2-3765-40CC-8EE3-7B331E3CC059}.Release|Any CPU.Build.0 = Release|Any CPU
		{703BCAF2-3765-40CC-8EE3-7B331E3CC059}.Release|ARM.ActiveCfg = Release|Any CPU
		{703BCAF2-3765-40CC-8EE3-7B331E3CC059}.Release|ARM.Build.0 = Release|Any CPU
		{703BCAF2-3765-40CC-8EE3-7B331E3CC059}.Release|iPhone.ActiveCfg = Release|Any CPU
		{703BCAF2-3765-40CC-8EE3-7B331E3CC059}.Release|iPhone.Build.0 = Release|Any CPU
		{703BCAF2-3765-40CC-8EE3-7B331E3CC059}.Release|iPhoneSimulator.ActiveCfg = Release|Any CPU
		{703BCAF2-3765-40CC-8EE3-7B331E3CC059}.Release|iPhoneSimulator.Build.0 = Release|Any CPU
		{703BCAF2-3765-40CC-8EE3-7B331E3CC059}.Release|x64.ActiveCfg = Release|Any CPU
		{703BCAF2-3765-40CC-8EE3-7B331E3CC059}.Release|x64.Build.0 = Release|Any CPU
		{703BCAF2-3765-40CC-8EE3-7B331E3CC059}.Release|x86.ActiveCfg = Release|Any CPU
		{703BCAF2-3765-40CC-8EE3-7B331E3CC059}.Release|x86.Build.0 = Release|Any CPU
		{E5D0EC88-76F9-495D-9E82-4D68F014F9DA}.Ad-Hoc|Any CPU.ActiveCfg = Release|x86
		{E5D0EC88-76F9-495D-9E82-4D68F014F9DA}.Ad-Hoc|Any CPU.Build.0 = Release|x86
		{E5D0EC88-76F9-495D-9E82-4D68F014F9DA}.Ad-Hoc|Any CPU.Deploy.0 = Release|x86
		{E5D0EC88-76F9-495D-9E82-4D68F014F9DA}.Ad-Hoc|ARM.ActiveCfg = Release|ARM
		{E5D0EC88-76F9-495D-9E82-4D68F014F9DA}.Ad-Hoc|ARM.Build.0 = Release|ARM
		{E5D0EC88-76F9-495D-9E82-4D68F014F9DA}.Ad-Hoc|ARM.Deploy.0 = Release|ARM
		{E5D0EC88-76F9-495D-9E82-4D68F014F9DA}.Ad-Hoc|iPhone.ActiveCfg = Release|x86
		{E5D0EC88-76F9-495D-9E82-4D68F014F9DA}.Ad-Hoc|iPhone.Build.0 = Release|x86
		{E5D0EC88-76F9-495D-9E82-4D68F014F9DA}.Ad-Hoc|iPhone.Deploy.0 = Release|x86
		{E5D0EC88-76F9-495D-9E82-4D68F014F9DA}.Ad-Hoc|iPhoneSimulator.ActiveCfg = Release|x86
		{E5D0EC88-76F9-495D-9E82-4D68F014F9DA}.Ad-Hoc|iPhoneSimulator.Build.0 = Release|x86
		{E5D0EC88-76F9-495D-9E82-4D68F014F9DA}.Ad-Hoc|iPhoneSimulator.Deploy.0 = Release|x86
		{E5D0EC88-76F9-495D-9E82-4D68F014F9DA}.Ad-Hoc|x64.ActiveCfg = Release|x64
		{E5D0EC88-76F9-495D-9E82-4D68F014F9DA}.Ad-Hoc|x64.Build.0 = Release|x64
		{E5D0EC88-76F9-495D-9E82-4D68F014F9DA}.Ad-Hoc|x64.Deploy.0 = Release|x64
		{E5D0EC88-76F9-495D-9E82-4D68F014F9DA}.Ad-Hoc|x86.ActiveCfg = Release|x86
		{E5D0EC88-76F9-495D-9E82-4D68F014F9DA}.Ad-Hoc|x86.Build.0 = Release|x86
		{E5D0EC88-76F9-495D-9E82-4D68F014F9DA}.Ad-Hoc|x86.Deploy.0 = Release|x86
		{E5D0EC88-76F9-495D-9E82-4D68F014F9DA}.AppStore|Any CPU.ActiveCfg = Release|x86
		{E5D0EC88-76F9-495D-9E82-4D68F014F9DA}.AppStore|Any CPU.Build.0 = Release|x86
		{E5D0EC88-76F9-495D-9E82-4D68F014F9DA}.AppStore|Any CPU.Deploy.0 = Release|x86
		{E5D0EC88-76F9-495D-9E82-4D68F014F9DA}.AppStore|ARM.ActiveCfg = Release|ARM
		{E5D0EC88-76F9-495D-9E82-4D68F014F9DA}.AppStore|ARM.Build.0 = Release|ARM
		{E5D0EC88-76F9-495D-9E82-4D68F014F9DA}.AppStore|ARM.Deploy.0 = Release|ARM
		{E5D0EC88-76F9-495D-9E82-4D68F014F9DA}.AppStore|iPhone.ActiveCfg = Release|x86
		{E5D0EC88-76F9-495D-9E82-4D68F014F9DA}.AppStore|iPhone.Build.0 = Release|x86
		{E5D0EC88-76F9-495D-9E82-4D68F014F9DA}.AppStore|iPhone.Deploy.0 = Release|x86
		{E5D0EC88-76F9-495D-9E82-4D68F014F9DA}.AppStore|iPhoneSimulator.ActiveCfg = Release|x86
		{E5D0EC88-76F9-495D-9E82-4D68F014F9DA}.AppStore|iPhoneSimulator.Build.0 = Release|x86
		{E5D0EC88-76F9-495D-9E82-4D68F014F9DA}.AppStore|iPhoneSimulator.Deploy.0 = Release|x86
		{E5D0EC88-76F9-495D-9E82-4D68F014F9DA}.AppStore|x64.ActiveCfg = Release|x64
		{E5D0EC88-76F9-495D-9E82-4D68F014F9DA}.AppStore|x64.Build.0 = Release|x64
		{E5D0EC88-76F9-495D-9E82-4D68F014F9DA}.AppStore|x64.Deploy.0 = Release|x64
		{E5D0EC88-76F9-495D-9E82-4D68F014F9DA}.AppStore|x86.ActiveCfg = Release|x86
		{E5D0EC88-76F9-495D-9E82-4D68F014F9DA}.AppStore|x86.Build.0 = Release|x86
		{E5D0EC88-76F9-495D-9E82-4D68F014F9DA}.AppStore|x86.Deploy.0 = Release|x86
		{E5D0EC88-76F9-495D-9E82-4D68F014F9DA}.Debug|Any CPU.ActiveCfg = Debug|x86
		{E5D0EC88-76F9-495D-9E82-4D68F014F9DA}.Debug|Any CPU.Build.0 = Debug|x86
		{E5D0EC88-76F9-495D-9E82-4D68F014F9DA}.Debug|Any CPU.Deploy.0 = Debug|x86
		{E5D0EC88-76F9-495D-9E82-4D68F014F9DA}.Debug|ARM.ActiveCfg = Debug|ARM
		{E5D0EC88-76F9-495D-9E82-4D68F014F9DA}.Debug|ARM.Build.0 = Debug|ARM
		{E5D0EC88-76F9-495D-9E82-4D68F014F9DA}.Debug|ARM.Deploy.0 = Debug|ARM
		{E5D0EC88-76F9-495D-9E82-4D68F014F9DA}.Debug|iPhone.ActiveCfg = Debug|x86
		{E5D0EC88-76F9-495D-9E82-4D68F014F9DA}.Debug|iPhoneSimulator.ActiveCfg = Debug|x86
		{E5D0EC88-76F9-495D-9E82-4D68F014F9DA}.Debug|x64.ActiveCfg = Debug|x64
		{E5D0EC88-76F9-495D-9E82-4D68F014F9DA}.Debug|x64.Build.0 = Debug|x64
		{E5D0EC88-76F9-495D-9E82-4D68F014F9DA}.Debug|x64.Deploy.0 = Debug|x64
		{E5D0EC88-76F9-495D-9E82-4D68F014F9DA}.Debug|x86.ActiveCfg = Debug|x86
		{E5D0EC88-76F9-495D-9E82-4D68F014F9DA}.Debug|x86.Build.0 = Debug|x86
		{E5D0EC88-76F9-495D-9E82-4D68F014F9DA}.Debug|x86.Deploy.0 = Debug|x86
		{E5D0EC88-76F9-495D-9E82-4D68F014F9DA}.Release|Any CPU.ActiveCfg = Release|x86
		{E5D0EC88-76F9-495D-9E82-4D68F014F9DA}.Release|ARM.ActiveCfg = Release|ARM
		{E5D0EC88-76F9-495D-9E82-4D68F014F9DA}.Release|ARM.Build.0 = Release|ARM
		{E5D0EC88-76F9-495D-9E82-4D68F014F9DA}.Release|ARM.Deploy.0 = Release|ARM
		{E5D0EC88-76F9-495D-9E82-4D68F014F9DA}.Release|iPhone.ActiveCfg = Release|x86
		{E5D0EC88-76F9-495D-9E82-4D68F014F9DA}.Release|iPhoneSimulator.ActiveCfg = Release|x86
		{E5D0EC88-76F9-495D-9E82-4D68F014F9DA}.Release|x64.ActiveCfg = Release|x64
		{E5D0EC88-76F9-495D-9E82-4D68F014F9DA}.Release|x64.Build.0 = Release|x64
		{E5D0EC88-76F9-495D-9E82-4D68F014F9DA}.Release|x64.Deploy.0 = Release|x64
		{E5D0EC88-76F9-495D-9E82-4D68F014F9DA}.Release|x86.ActiveCfg = Release|x86
		{E5D0EC88-76F9-495D-9E82-4D68F014F9DA}.Release|x86.Build.0 = Release|x86
		{E5D0EC88-76F9-495D-9E82-4D68F014F9DA}.Release|x86.Deploy.0 = Release|x86
		{ACB0669C-FD61-4399-AB8E-965C6E757693}.Ad-Hoc|Any CPU.ActiveCfg = Ad-Hoc|iPhone
		{ACB0669C-FD61-4399-AB8E-965C6E757693}.Ad-Hoc|ARM.ActiveCfg = Ad-Hoc|iPhone
		{ACB0669C-FD61-4399-AB8E-965C6E757693}.Ad-Hoc|iPhone.ActiveCfg = Ad-Hoc|iPhone
		{ACB0669C-FD61-4399-AB8E-965C6E757693}.Ad-Hoc|iPhone.Build.0 = Ad-Hoc|iPhone
		{ACB0669C-FD61-4399-AB8E-965C6E757693}.Ad-Hoc|iPhoneSimulator.ActiveCfg = Ad-Hoc|iPhoneSimulator
		{ACB0669C-FD61-4399-AB8E-965C6E757693}.Ad-Hoc|iPhoneSimulator.Build.0 = Ad-Hoc|iPhoneSimulator
		{ACB0669C-FD61-4399-AB8E-965C6E757693}.Ad-Hoc|x64.ActiveCfg = Ad-Hoc|iPhone
		{ACB0669C-FD61-4399-AB8E-965C6E757693}.Ad-Hoc|x86.ActiveCfg = Ad-Hoc|iPhone
		{ACB0669C-FD61-4399-AB8E-965C6E757693}.AppStore|Any CPU.ActiveCfg = AppStore|iPhone
		{ACB0669C-FD61-4399-AB8E-965C6E757693}.AppStore|ARM.ActiveCfg = AppStore|iPhone
		{ACB0669C-FD61-4399-AB8E-965C6E757693}.AppStore|iPhone.ActiveCfg = AppStore|iPhone
		{ACB0669C-FD61-4399-AB8E-965C6E757693}.AppStore|iPhone.Build.0 = AppStore|iPhone
		{ACB0669C-FD61-4399-AB8E-965C6E757693}.AppStore|iPhoneSimulator.ActiveCfg = AppStore|iPhoneSimulator
		{ACB0669C-FD61-4399-AB8E-965C6E757693}.AppStore|iPhoneSimulator.Build.0 = AppStore|iPhoneSimulator
		{ACB0669C-FD61-4399-AB8E-965C6E757693}.AppStore|x64.ActiveCfg = AppStore|iPhone
		{ACB0669C-FD61-4399-AB8E-965C6E757693}.AppStore|x86.ActiveCfg = AppStore|iPhone
		{ACB0669C-FD61-4399-AB8E-965C6E757693}.Debug|Any CPU.ActiveCfg = Debug|iPhone
		{ACB0669C-FD61-4399-AB8E-965C6E757693}.Debug|ARM.ActiveCfg = Debug|iPhone
		{ACB0669C-FD61-4399-AB8E-965C6E757693}.Debug|iPhone.ActiveCfg = Debug|iPhone
		{ACB0669C-FD61-4399-AB8E-965C6E757693}.Debug|iPhone.Build.0 = Debug|iPhone
		{ACB0669C-FD61-4399-AB8E-965C6E757693}.Debug|iPhoneSimulator.ActiveCfg = Debug|iPhoneSimulator
		{ACB0669C-FD61-4399-AB8E-965C6E757693}.Debug|iPhoneSimulator.Build.0 = Debug|iPhoneSimulator
		{ACB0669C-FD61-4399-AB8E-965C6E757693}.Debug|x64.ActiveCfg = Debug|iPhone
		{ACB0669C-FD61-4399-AB8E-965C6E757693}.Debug|x86.ActiveCfg = Debug|iPhone
		{ACB0669C-FD61-4399-AB8E-965C6E757693}.Release|Any CPU.ActiveCfg = Release|iPhone
		{ACB0669C-FD61-4399-AB8E-965C6E757693}.Release|ARM.ActiveCfg = Release|iPhone
		{ACB0669C-FD61-4399-AB8E-965C6E757693}.Release|iPhone.ActiveCfg = Release|iPhone
		{ACB0669C-FD61-4399-AB8E-965C6E757693}.Release|iPhone.Build.0 = Release|iPhone
		{ACB0669C-FD61-4399-AB8E-965C6E757693}.Release|iPhoneSimulator.ActiveCfg = Release|iPhoneSimulator
		{ACB0669C-FD61-4399-AB8E-965C6E757693}.Release|iPhoneSimulator.Build.0 = Release|iPhoneSimulator
		{ACB0669C-FD61-4399-AB8E-965C6E757693}.Release|x64.ActiveCfg = Release|iPhone
		{ACB0669C-FD61-4399-AB8E-965C6E757693}.Release|x86.ActiveCfg = Release|iPhone
	EndGlobalSection
	GlobalSection(SolutionProperties) = preSolution
		HideSolutionNode = FALSE
	EndGlobalSection
EndGlobal
